
Microsoft Visual Studio Solution File, Format Version 12.00
# Visual Studio Version 17
VisualStudioVersion = 17.6.33815.320
MinimumVisualStudioVersion = 10.0.40219.1
Project("{9A19103F-16F7-4668-BE54-9A1E7A4F7556}") = "KampIntro", "KampIntro\KampIntro.csproj", "{B5054B76-5EDB-48A1-A566-4C5B3F735FFB}"
EndProject
Project("{9A19103F-16F7-4668-BE54-9A1E7A4F7556}") = "Donguler", "Donguler\Donguler.csproj", "{B4F9DCDF-0D3D-4D40-8DBF-483C5E0C9D87}"
EndProject
Project("{9A19103F-16F7-4668-BE54-9A1E7A4F7556}") = "ClassIntro", "ClassIntro\ClassIntro.csproj", "{23D847D3-9B07-4BC2-9301-A328CE1484B6}"
EndProject
Project("{9A19103F-16F7-4668-BE54-9A1E7A4F7556}") = "Metotlar", "Metotlar\Metotlar.csproj", "{565B4352-332D-45B5-AF23-53DF38355ED3}"
EndProject
Project("{9A19103F-16F7-4668-BE54-9A1E7A4F7556}") = "Matematik", "Matematik\Matematik.csproj", "{D3F046CF-3B77-4B34-90D7-B7A10ECAD833}"
EndProject
Project("{9A19103F-16F7-4668-BE54-9A1E7A4F7556}") = "DegerVeReferansTipler", "DegerVeReferansTipler\DegerVeReferansTipler.csproj", "{55C3444C-F873-4B6D-8091-7ADB091EA5F0}"
EndProject
Project("{9A19103F-16F7-4668-BE54-9A1E7A4F7556}") = "OOP1", "OOP1\OOP1.csproj", "{4B00A221-C98C-48E6-AB6B-08AA2B634E3E}"
EndProject
Project("{9A19103F-16F7-4668-BE54-9A1E7A4F7556}") = "Koleksiyonlar", "Koleksiyonlar\Koleksiyonlar.csproj", "{2342EFDF-48D6-43B8-8678-D3115E6920DB}"
EndProject
Project("{9A19103F-16F7-4668-BE54-9A1E7A4F7556}") = "GenericsIntro", "GenericsIntro\GenericsIntro.csproj", "{AE283B44-0CD8-431B-8319-C2DDD0A0C5C8}"
EndProject
Project("{FAE04EC0-301F-11D3-BF4B-00C04F79EFBC}") = "OOP2", "OOP2\OOP2.csproj", "{35D6CDCB-0F15-464C-B5E5-C82DD4AD6AA7}"
EndProject
Project("{FAE04EC0-301F-11D3-BF4B-00C04F79EFBC}") = "OOP3", "OOP3\OOP3.csproj", "{7AAE2E97-C5B9-4E2E-9842-3F947FE88DE0}"
EndProject
Global
	GlobalSection(SolutionConfigurationPlatforms) = preSolution
		Debug|Any CPU = Debug|Any CPU
		Release|Any CPU = Release|Any CPU
	EndGlobalSection
	GlobalSection(ProjectConfigurationPlatforms) = postSolution
		{B5054B76-5EDB-48A1-A566-4C5B3F735FFB}.Debug|Any CPU.ActiveCfg = Debug|Any CPU
		{B5054B76-5EDB-48A1-A566-4C5B3F735FFB}.Debug|Any CPU.Build.0 = Debug|Any CPU
		{B5054B76-5EDB-48A1-A566-4C5B3F735FFB}.Release|Any CPU.ActiveCfg = Release|Any CPU
		{B5054B76-5EDB-48A1-A566-4C5B3F735FFB}.Release|Any CPU.Build.0 = Release|Any CPU
		{B4F9DCDF-0D3D-4D40-8DBF-483C5E0C9D87}.Debug|Any CPU.ActiveCfg = Debug|Any CPU
		{B4F9DCDF-0D3D-4D40-8DBF-483C5E0C9D87}.Debug|Any CPU.Build.0 = Debug|Any CPU
		{B4F9DCDF-0D3D-4D40-8DBF-483C5E0C9D87}.Release|Any CPU.ActiveCfg = Release|Any CPU
		{B4F9DCDF-0D3D-4D40-8DBF-483C5E0C9D87}.Release|Any CPU.Build.0 = Release|Any CPU
		{23D847D3-9B07-4BC2-9301-A328CE1484B6}.Debug|Any CPU.ActiveCfg = Debug|Any CPU
		{23D847D3-9B07-4BC2-9301-A328CE1484B6}.Debug|Any CPU.Build.0 = Debug|Any CPU
		{23D847D3-9B07-4BC2-9301-A328CE1484B6}.Release|Any CPU.ActiveCfg = Release|Any CPU
		{23D847D3-9B07-4BC2-9301-A328CE1484B6}.Release|Any CPU.Build.0 = Release|Any CPU
		{565B4352-332D-45B5-AF23-53DF38355ED3}.Debug|Any CPU.ActiveCfg = Debug|Any CPU
		{565B4352-332D-45B5-AF23-53DF38355ED3}.Debug|Any CPU.Build.0 = Debug|Any CPU
		{565B4352-332D-45B5-AF23-53DF38355ED3}.Release|Any CPU.ActiveCfg = Release|Any CPU
		{565B4352-332D-45B5-AF23-53DF38355ED3}.Release|Any CPU.Build.0 = Release|Any CPU
		{D3F046CF-3B77-4B34-90D7-B7A10ECAD833}.Debug|Any CPU.ActiveCfg = Debug|Any CPU
		{D3F046CF-3B77-4B34-90D7-B7A10ECAD833}.Debug|Any CPU.Build.0 = Debug|Any CPU
		{D3F046CF-3B77-4B34-90D7-B7A10ECAD833}.Release|Any CPU.ActiveCfg = Release|Any CPU
		{D3F046CF-3B77-4B34-90D7-B7A10ECAD833}.Release|Any CPU.Build.0 = Release|Any CPU
		{55C3444C-F873-4B6D-8091-7ADB091EA5F0}.Debug|Any CPU.ActiveCfg = Debug|Any CPU
		{55C3444C-F873-4B6D-8091-7ADB091EA5F0}.Debug|Any CPU.Build.0 = Debug|Any CPU
		{55C3444C-F873-4B6D-8091-7ADB091EA5F0}.Release|Any CPU.ActiveCfg = Release|Any CPU
		{55C3444C-F873-4B6D-8091-7ADB091EA5F0}.Release|Any CPU.Build.0 = Release|Any CPU
		{4B00A221-C98C-48E6-AB6B-08AA2B634E3E}.Debug|Any CPU.ActiveCfg = Debug|Any CPU
		{4B00A221-C98C-48E6-AB6B-08AA2B634E3E}.Debug|Any CPU.Build.0 = Debug|Any CPU
		{4B00A221-C98C-48E6-AB6B-08AA2B634E3E}.Release|Any CPU.ActiveCfg = Release|Any CPU
		{4B00A221-C98C-48E6-AB6B-08AA2B634E3E}.Release|Any CPU.Build.0 = Release|Any CPU
		{2342EFDF-48D6-43B8-8678-D3115E6920DB}.Debug|Any CPU.ActiveCfg = Debug|Any CPU
		{2342EFDF-48D6-43B8-8678-D3115E6920DB}.Debug|Any CPU.Build.0 = Debug|Any CPU
		{2342EFDF-48D6-43B8-8678-D3115E6920DB}.Release|Any CPU.ActiveCfg = Release|Any CPU
		{2342EFDF-48D6-43B8-8678-D3115E6920DB}.Release|Any CPU.Build.0 = Release|Any CPU
		{AE283B44-0CD8-431B-8319-C2DDD0A0C5C8}.Debug|Any CPU.ActiveCfg = Debug|Any CPU
		{AE283B44-0CD8-431B-8319-C2DDD0A0C5C8}.Debug|Any CPU.Build.0 = Debug|Any CPU
		{AE283B44-0CD8-431B-8319-C2DDD0A0C5C8}.Release|Any CPU.ActiveCfg = Release|Any CPU
		{AE283B44-0CD8-431B-8319-C2DDD0A0C5C8}.Release|Any CPU.Build.0 = Release|Any CPU
		{35D6CDCB-0F15-464C-B5E5-C82DD4AD6AA7}.Debug|Any CPU.ActiveCfg = Debug|Any CPU
		{35D6CDCB-0F15-464C-B5E5-C82DD4AD6AA7}.Debug|Any CPU.Build.0 = Debug|Any CPU
		{35D6CDCB-0F15-464C-B5E5-C82DD4AD6AA7}.Release|Any CPU.ActiveCfg = Release|Any CPU
		{35D6CDCB-0F15-464C-B5E5-C82DD4AD6AA7}.Release|Any CPU.Build.0 = Release|Any CPU
		{7AAE2E97-C5B9-4E2E-9842-3F947FE88DE0}.Debug|Any CPU.ActiveCfg = Debug|Any CPU
		{7AAE2E97-C5B9-4E2E-9842-3F947FE88DE0}.Debug|Any CPU.Build.0 = Debug|Any CPU
		{7AAE2E97-C5B9-4E2E-9842-3F947FE88DE0}.Release|Any CPU.ActiveCfg = Release|Any CPU
		{7AAE2E97-C5B9-4E2E-9842-3F947FE88DE0}.Release|Any CPU.Build.0 = Release|Any CPU
	EndGlobalSection
	GlobalSection(SolutionProperties) = preSolution
		HideSolutionNode = FALSE
	EndGlobalSection
	GlobalSection(ExtensibilityGlobals) = postSolution
		SolutionGuid = {CBC42B68-FB7F-4C53-B33A-599E933CD386}
	EndGlobalSection
EndGlobal
